
Microsoft Visual Studio Solution File, Format Version 12.00
# Visual Studio Version 17
VisualStudioVersion = 17.0.31903.59
MinimumVisualStudioVersion = 10.0.40219.1
Project("{2150E333-8FDC-42A3-9474-1A3956D46DE8}") = "src", "src", "{A42DC409-76A0-418D-A30F-BEE99AF89F66}"
EndProject
Project("{FAE04EC0-301F-11D3-BF4B-00C04F79EFBC}") = "BaytAlHikmah.Core", "src\BaytAlHikmah.Core\BaytAlHikmah.Core.csproj", "{BD5FE0FA-6C9B-4C12-95AD-3FC442BACAE0}"
EndProject
Project("{FAE04EC0-301F-11D3-BF4B-00C04F79EFBC}") = "BaytAlHikmah.Infrastructure", "src\BaytAlHikmah.Infrastructure\BaytAlHikmah.Infrastructure.csproj", "{9A224641-7258-4D19-9484-0FF1942E389C}"
EndProject
Project("{FAE04EC0-301F-11D3-BF4B-00C04F79EFBC}") = "BaytAlHikmah.Api", "src\BaytAlHikmah.Api\BaytAlHikmah.Api.csproj", "{F21B448C-CD33-4905-B3EA-F86A93F2101A}"
EndProject
Project("{2150E333-8FDC-42A3-9474-1A3956D46DE8}") = "tests", "tests", "{8E7F3DB4-036A-435B-8A62-E7D706624FE0}"
EndProject
Project("{FAE04EC0-301F-11D3-BF4B-00C04F79EFBC}") = "BaytAlHikmah.Tests", "tests\BaytAlHikmah.Tests\BaytAlHikmah.Tests.csproj", "{E67DACA0-2876-472B-9637-C97D2015DFCD}"
EndProject
Global
	GlobalSection(SolutionConfigurationPlatforms) = preSolution
		Debug|Any CPU = Debug|Any CPU
		Release|Any CPU = Release|Any CPU
	EndGlobalSection
	GlobalSection(SolutionProperties) = preSolution
		HideSolutionNode = FALSE
	EndGlobalSection
	GlobalSection(ProjectConfigurationPlatforms) = postSolution
		{BD5FE0FA-6C9B-4C12-95AD-3FC442BACAE0}.Debug|Any CPU.ActiveCfg = Debug|Any CPU
		{BD5FE0FA-6C9B-4C12-95AD-3FC442BACAE0}.Debug|Any CPU.Build.0 = Debug|Any CPU
		{BD5FE0FA-6C9B-4C12-95AD-3FC442BACAE0}.Release|Any CPU.ActiveCfg = Release|Any CPU
		{BD5FE0FA-6C9B-4C12-95AD-3FC442BACAE0}.Release|Any CPU.Build.0 = Release|Any CPU
		{9A224641-7258-4D19-9484-0FF1942E389C}.Debug|Any CPU.ActiveCfg = Debug|Any CPU
		{9A224641-7258-4D19-9484-0FF1942E389C}.Debug|Any CPU.Build.0 = Debug|Any CPU
		{9A224641-7258-4D19-9484-0FF1942E389C}.Release|Any CPU.ActiveCfg = Release|Any CPU
		{9A224641-7258-4D19-9484-0FF1942E389C}.Release|Any CPU.Build.0 = Release|Any CPU
		{F21B448C-CD33-4905-B3EA-F86A93F2101A}.Debug|Any CPU.ActiveCfg = Debug|Any CPU
		{F21B448C-CD33-4905-B3EA-F86A93F2101A}.Debug|Any CPU.Build.0 = Debug|Any CPU
		{F21B448C-CD33-4905-B3EA-F86A93F2101A}.Release|Any CPU.ActiveCfg = Release|Any CPU
		{F21B448C-CD33-4905-B3EA-F86A93F2101A}.Release|Any CPU.Build.0 = Release|Any CPU
		{E67DACA0-2876-472B-9637-C97D2015DFCD}.Debug|Any CPU.ActiveCfg = Debug|Any CPU
		{E67DACA0-2876-472B-9637-C97D2015DFCD}.Debug|Any CPU.Build.0 = Debug|Any CPU
		{E67DACA0-2876-472B-9637-C97D2015DFCD}.Release|Any CPU.ActiveCfg = Release|Any CPU
		{E67DACA0-2876-472B-9637-C97D2015DFCD}.Release|Any CPU.Build.0 = Release|Any CPU
	EndGlobalSection
	GlobalSection(NestedProjects) = preSolution
		{BD5FE0FA-6C9B-4C12-95AD-3FC442BACAE0} = {A42DC409-76A0-418D-A30F-BEE99AF89F66}
		{9A224641-7258-4D19-9484-0FF1942E389C} = {A42DC409-76A0-418D-A30F-BEE99AF89F66}
		{F21B448C-CD33-4905-B3EA-F86A93F2101A} = {A42DC409-76A0-418D-A30F-BEE99AF89F66}
		{E67DACA0-2876-472B-9637-C97D2015DFCD} = {8E7F3DB4-036A-435B-8A62-E7D706624FE0}
	EndGlobalSection
EndGlobal
