
Microsoft Visual Studio Solution File, Format Version 12.00
# Visual Studio Version 17
VisualStudioVersion = 17.0.31903.59
MinimumVisualStudioVersion = 10.0.40219.1
Project("{2150E333-8FDC-42A3-9474-1A3956D46DE8}") = "src", "src", "{B4C8694D-0619-44A2-8415-3D77D8541C98}"
EndProject
Project("{FAE04EC0-301F-11D3-BF4B-00C04F79EFBC}") = "BaytAlHikmah.Api", "src\BaytAlHikmah.Api\BaytAlHikmah.Api.csproj", "{7A032143-F8B1-4A57-9F92-5F3848CD3C17}"
EndProject
Project("{FAE04EC0-301F-11D3-BF4B-00C04F79EFBC}") = "BaytAlHikmah.Domain", "src\BaytAlHikmah.Domain\BaytAlHikmah.Domain.csproj", "{A119AD4E-C472-4094-B2B3-8025D2A0E736}"
EndProject
Project("{FAE04EC0-301F-11D3-BF4B-00C04F79EFBC}") = "BaytAlHikmah.Application", "src\BaytAlHikmah.Application\BaytAlHikmah.Application.csproj", "{38758DF4-47CA-4E2B-8FF8-7D201D5D359F}"
EndProject
Project("{FAE04EC0-301F-11D3-BF4B-00C04F79EFBC}") = "BaytAlHikmah.Infrastructure", "src\BaytAlHikmah.Infrastructure\BaytAlHikmah.Infrastructure.csproj", "{B668CAE6-CFBD-4FDA-BF4B-080FE520211B}"
EndProject
Global
	GlobalSection(SolutionConfigurationPlatforms) = preSolution
		Debug|Any CPU = Debug|Any CPU
		Release|Any CPU = Release|Any CPU
	EndGlobalSection
	GlobalSection(SolutionProperties) = preSolution
		HideSolutionNode = FALSE
	EndGlobalSection
	GlobalSection(ProjectConfigurationPlatforms) = postSolution
		{7A032143-F8B1-4A57-9F92-5F3848CD3C17}.Debug|Any CPU.ActiveCfg = Debug|Any CPU
		{7A032143-F8B1-4A57-9F92-5F3848CD3C17}.Debug|Any CPU.Build.0 = Debug|Any CPU
		{7A032143-F8B1-4A57-9F92-5F3848CD3C17}.Release|Any CPU.ActiveCfg = Release|Any CPU
		{7A032143-F8B1-4A57-9F92-5F3848CD3C17}.Release|Any CPU.Build.0 = Release|Any CPU
		{A119AD4E-C472-4094-B2B3-8025D2A0E736}.Debug|Any CPU.ActiveCfg = Debug|Any CPU
		{A119AD4E-C472-4094-B2B3-8025D2A0E736}.Debug|Any CPU.Build.0 = Debug|Any CPU
		{A119AD4E-C472-4094-B2B3-8025D2A0E736}.Release|Any CPU.ActiveCfg = Release|Any CPU
		{A119AD4E-C472-4094-B2B3-8025D2A0E736}.Release|Any CPU.Build.0 = Release|Any CPU
		{38758DF4-47CA-4E2B-8FF8-7D201D5D359F}.Debug|Any CPU.ActiveCfg = Debug|Any CPU
		{38758DF4-47CA-4E2B-8FF8-7D201D5D359F}.Debug|Any CPU.Build.0 = Debug|Any CPU
		{38758DF4-47CA-4E2B-8FF8-7D201D5D359F}.Release|Any CPU.ActiveCfg = Release|Any CPU
		{38758DF4-47CA-4E2B-8FF8-7D201D5D359F}.Release|Any CPU.Build.0 = Release|Any CPU
		{B668CAE6-CFBD-4FDA-BF4B-080FE520211B}.Debug|Any CPU.ActiveCfg = Debug|Any CPU
		{B668CAE6-CFBD-4FDA-BF4B-080FE520211B}.Debug|Any CPU.Build.0 = Debug|Any CPU
		{B668CAE6-CFBD-4FDA-BF4B-080FE520211B}.Release|Any CPU.ActiveCfg = Release|Any CPU
		{B668CAE6-CFBD-4FDA-BF4B-080FE520211B}.Release|Any CPU.Build.0 = Release|Any CPU
	EndGlobalSection
	GlobalSection(NestedProjects) = preSolution
		{7A032143-F8B1-4A57-9F92-5F3848CD3C17} = {B4C8694D-0619-44A2-8415-3D77D8541C98}
		{A119AD4E-C472-4094-B2B3-8025D2A0E736} = {B4C8694D-0619-44A2-8415-3D77D8541C98}
		{38758DF4-47CA-4E2B-8FF8-7D201D5D359F} = {B4C8694D-0619-44A2-8415-3D77D8541C98}
		{B668CAE6-CFBD-4FDA-BF4B-080FE520211B} = {B4C8694D-0619-44A2-8415-3D77D8541C98}
	EndGlobalSection
EndGlobal
